
Microsoft Visual Studio Solution File, Format Version 12.00
# Visual Studio Version 17
VisualStudioVersion = 17.7.34018.315
MinimumVisualStudioVersion = 10.0.40219.1
Project("{FAE04EC0-301F-11D3-BF4B-00C04F79EFBC}") = "2M_12_GraMagWojownik", "2M_12_GraMagWojownik\2M_12_GraMagWojownik.csproj", "{B4328686-5567-4127-BE31-B2FA96CEC919}"
EndProject
Global
	GlobalSection(SolutionConfigurationPlatforms) = preSolution
		Debug|Any CPU = Debug|Any CPU
		Release|Any CPU = Release|Any CPU
	EndGlobalSection
	GlobalSection(ProjectConfigurationPlatforms) = postSolution
		{B4328686-5567-4127-BE31-B2FA96CEC919}.Debug|Any CPU.ActiveCfg = Debug|Any CPU
		{B4328686-5567-4127-BE31-B2FA96CEC919}.Debug|Any CPU.Build.0 = Debug|Any CPU
		{B4328686-5567-4127-BE31-B2FA96CEC919}.Release|Any CPU.ActiveCfg = Release|Any CPU
		{B4328686-5567-4127-BE31-B2FA96CEC919}.Release|Any CPU.Build.0 = Release|Any CPU
	EndGlobalSection
	GlobalSection(SolutionProperties) = preSolution
		HideSolutionNode = FALSE
	EndGlobalSection
	GlobalSection(ExtensibilityGlobals) = postSolution
		SolutionGuid = {F50C0AF5-2E19-4B08-809E-7ED9F20696C3}
	EndGlobalSection
EndGlobal
